
Microsoft Visual Studio Solution File, Format Version 12.00
# Visual Studio 15
VisualStudioVersion = 15.0.28010.2041
MinimumVisualStudioVersion = 10.0.40219.1
Project("{FAE04EC0-301F-11D3-BF4B-00C04F79EFBC}") = "DSTools", "DSTools.csproj", "{EA222EE9-8256-4E03-AA47-C1A754A9F61D}"
EndProject
Global
	GlobalSection(SolutionConfigurationPlatforms) = preSolution
		Debug|Any CPU = Debug|Any CPU
		Release|Any CPU = Release|Any CPU
	EndGlobalSection
	GlobalSection(ProjectConfigurationPlatforms) = postSolution
		{EA222EE9-8256-4E03-AA47-C1A754A9F61D}.Debug|Any CPU.ActiveCfg = Debug|Any CPU
		{EA222EE9-8256-4E03-AA47-C1A754A9F61D}.Debug|Any CPU.Build.0 = Debug|Any CPU
		{EA222EE9-8256-4E03-AA47-C1A754A9F61D}.Release|Any CPU.ActiveCfg = Release|Any CPU
		{EA222EE9-8256-4E03-AA47-C1A754A9F61D}.Release|Any CPU.Build.0 = Release|Any CPU
	EndGlobalSection
	GlobalSection(SolutionProperties) = preSolution
		HideSolutionNode = FALSE
	EndGlobalSection
	GlobalSection(ExtensibilityGlobals) = postSolution
		SolutionGuid = {8E484DBA-7D51-450F-A81A-DB00D0F17576}
	EndGlobalSection
EndGlobal
